<?xml version="1.0" encoding="utf-8"?>
<Project ToolsVersion="4.0" xmlns="http://schemas.microsoft.com/developer/msbuild/2003">
  <ItemGroup>
    <Filter Include="ソース ファイル">
      <UniqueIdentifier>{4FC737F1-C7A5-4376-A066-2A32D752A2FF}</UniqueIdentifier>
      <Extensions>cpp;c;cc;cxx;def;odl;idl;hpj;bat;asm;asmx</Extensions>
    </Filter>
    <Filter Include="ヘッダー ファイル">
      <UniqueIdentifier>{93995380-89BD-4b04-88EB-625FBE52EBFB}</UniqueIdentifier>
      <Extensions>h;hh;hpp;hxx;hm;inl;inc;xsd</Extensions>
    </Filter>
    <Filter Include="リソース ファイル">
      <UniqueIdentifier>{67DA6AB6-F800-4c08-8B7A-83BB121AAD01}</UniqueIdentifier>
      <Extensions>rc;ico;cur;bmp;dlg;rc2;rct;bin;rgs;gif;jpg;jpeg;jpe;resx;tiff;tif;png;wav;mfcribbon-ms</Extensions>
    </Filter>
    <Filter Include="ソース ファイル\core">
      <UniqueIdentifier>{1a727d03-03d6-4c51-a28d-483937226df2}</UniqueIdentifier>
    </Filter>
    <Filter Include="ソース ファイル\util">
      <UniqueIdentifier>{1fdae4a2-8686-4ce5-a770-ecb6c7aa69f1}</UniqueIdentifier>
    </Filter>
    <Filter Include="ソース ファイル\testing">
      <UniqueIdentifier>{5640a5e4-6905-4d65-8d8b-dea0101fdaa6}</UniqueIdentifier>
    </Filter>
  </ItemGroup>
  <ItemGroup>
    <Text Include="ReadMe.txt" />
  </ItemGroup>
  <ItemGroup>
    <ClInclude Include="..\src\core\heyawake.h">
      <Filter>ソース ファイル\core</Filter>
    </ClInclude>
    <ClInclude Include="..\src\targetver.h">
      <Filter>ヘッダー ファイル</Filter>
    </ClInclude>
    <ClInclude Include="..\src\util\util.h">
      <Filter>ソース ファイル\util</Filter>
    </ClInclude>
    <ClInclude Include="..\src\testing\testing.h">
      <Filter>ソース ファイル\testing</Filter>
    </ClInclude>
  </ItemGroup>
  <ItemGroup>
    <ClCompile Include="..\src\main.cpp">
      <Filter>ソース ファイル</Filter>
    </ClCompile>
    <ClCompile Include="..\src\core\field.cpp">
      <Filter>ソース ファイル\core</Filter>
    </ClCompile>
    <ClCompile Include="..\src\testing\problem_test.cpp">
      <Filter>ソース ファイル\testing</Filter>
    </ClCompile>
    <ClCompile Include="..\src\testing\problems.cpp">
      <Filter>ソース ファイル\testing</Filter>
    </ClCompile>
    <ClCompile Include="..\src\core\solver.cpp">
      <Filter>ソース ファイル\core</Filter>
    </ClCompile>
    <ClCompile Include="..\src\core\room_db.cpp">
      <Filter>ソース ファイル\core</Filter>
    </ClCompile>
    <ClCompile Include="..\src\core\field_loader.cpp">
      <Filter>ソース ファイル\core</Filter>
    </ClCompile>
    <ClCompile Include="..\src\core\field_room_solver.cpp">
      <Filter>ソース ファイル\core</Filter>
    </ClCompile>
    <ClCompile Include="..\src\testing\perf_test.cpp">
      <Filter>ソース ファイル\testing</Filter>
    </ClCompile>
    <ClCompile Include="..\src\core\assumption.cpp">
      <Filter>ソース ファイル\core</Filter>
    </ClCompile>
    <ClCompile Include="..\src\core\connection_manager.cpp">
      <Filter>ソース ファイル\core</Filter>
    </ClCompile>
    <ClCompile Include="..\src\core\pseudo_connection.cpp">
      <Filter>ソース ファイル\core</Filter>
    </ClCompile>
  </ItemGroup>
</Project>